
Microsoft Visual Studio Solution File, Format Version 12.00
# Visual Studio Version 17
VisualStudioVersion = 17.0.31903.59
MinimumVisualStudioVersion = 10.0.40219.1
Project("{9A19103F-16F7-4668-BE54-9A1E7A4F7556}") = "Packages.Commands", "source\Packages.Commands\Packages.Commands.csproj", "{52DD57BE-4345-46CA-903C-D7AC6F92C97D}"
EndProject
Project("{2150E333-8FDC-42A3-9474-1A3956D46DE8}") = "Files", "Files", "{5A53546C-CF93-40C8-9023-D27153E8CA44}"
	ProjectSection(SolutionItems) = preProject
		.dockerignore = .dockerignore
		.gitattributes = .gitattributes
		.gitignore = .gitignore
		Icon.png = Icon.png
		nuget.config = nuget.config
		README.md = README.md
	EndProjectSection
EndProject
Project("{2150E333-8FDC-42A3-9474-1A3956D46DE8}") = "Pipelines", "Pipelines", "{798EFC4C-92AF-4EDD-A234-DE1D3449DE77}"
	ProjectSection(SolutionItems) = preProject
		.github\workflows\ci.yml = .github\workflows\ci.yml
		.github\workflows\preview.yml = .github\workflows\preview.yml
		.github\workflows\release.yml = .github\workflows\release.yml
	EndProjectSection
EndProject
Project("{9A19103F-16F7-4668-BE54-9A1E7A4F7556}") = "Microservice", "source\Microservice\Microservice.csproj", "{C91CF21E-6132-4B02-B5BA-F943DF139B3E}"
EndProject
Project("{2150E333-8FDC-42A3-9474-1A3956D46DE8}") = "Utilities", "Utilities", "{420ED303-7ACA-4373-ACC6-CE00977A6F6A}"
EndProject
Project("{9A19103F-16F7-4668-BE54-9A1E7A4F7556}") = "Simulator", "source\Simulator\Simulator.csproj", "{65F5CD7D-72C7-4343-8FBD-163F6342C351}"
EndProject
Global
	GlobalSection(SolutionConfigurationPlatforms) = preSolution
		Debug|Any CPU = Debug|Any CPU
		Release|Any CPU = Release|Any CPU
	EndGlobalSection
	GlobalSection(ProjectConfigurationPlatforms) = postSolution
		{52DD57BE-4345-46CA-903C-D7AC6F92C97D}.Debug|Any CPU.ActiveCfg = Debug|Any CPU
		{52DD57BE-4345-46CA-903C-D7AC6F92C97D}.Debug|Any CPU.Build.0 = Debug|Any CPU
		{52DD57BE-4345-46CA-903C-D7AC6F92C97D}.Release|Any CPU.ActiveCfg = Release|Any CPU
		{52DD57BE-4345-46CA-903C-D7AC6F92C97D}.Release|Any CPU.Build.0 = Release|Any CPU
		{C91CF21E-6132-4B02-B5BA-F943DF139B3E}.Debug|Any CPU.ActiveCfg = Debug|Any CPU
		{C91CF21E-6132-4B02-B5BA-F943DF139B3E}.Debug|Any CPU.Build.0 = Debug|Any CPU
		{C91CF21E-6132-4B02-B5BA-F943DF139B3E}.Release|Any CPU.ActiveCfg = Release|Any CPU
		{C91CF21E-6132-4B02-B5BA-F943DF139B3E}.Release|Any CPU.Build.0 = Release|Any CPU
		{65F5CD7D-72C7-4343-8FBD-163F6342C351}.Debug|Any CPU.ActiveCfg = Debug|Any CPU
		{65F5CD7D-72C7-4343-8FBD-163F6342C351}.Debug|Any CPU.Build.0 = Debug|Any CPU
		{65F5CD7D-72C7-4343-8FBD-163F6342C351}.Release|Any CPU.ActiveCfg = Release|Any CPU
		{65F5CD7D-72C7-4343-8FBD-163F6342C351}.Release|Any CPU.Build.0 = Release|Any CPU
	EndGlobalSection
	GlobalSection(SolutionProperties) = preSolution
		HideSolutionNode = FALSE
	EndGlobalSection
	GlobalSection(NestedProjects) = preSolution
		{C91CF21E-6132-4B02-B5BA-F943DF139B3E} = {420ED303-7ACA-4373-ACC6-CE00977A6F6A}
		{65F5CD7D-72C7-4343-8FBD-163F6342C351} = {420ED303-7ACA-4373-ACC6-CE00977A6F6A}
	EndGlobalSection
	GlobalSection(ExtensibilityGlobals) = postSolution
		SolutionGuid = {948F39B9-4703-445C-805E-B9A40D784A42}
	EndGlobalSection
EndGlobal
