
Microsoft Visual Studio Solution File, Format Version 12.00
# Visual Studio Version 17
VisualStudioVersion = 17.0.31903.59
MinimumVisualStudioVersion = 10.0.40219.1
Project("{9A19103F-16F7-4668-BE54-9A1E7A4F7556}") = "Packages.Commands", "source\Packages.Commands\Packages.Commands.csproj", "{52DD57BE-4345-46CA-903C-D7AC6F92C97D}"
EndProject
Project("{2150E333-8FDC-42A3-9474-1A3956D46DE8}") = "Utilities", "Utilities", "{0B8A541B-02A0-4260-A6D6-10B956B302EA}"
EndProject
Project("{FAE04EC0-301F-11D3-BF4B-00C04F79EFBC}") = "Microservices", "source\Utilities\Microservices\Microservices.csproj", "{66BE5D45-FAE3-4488-BB28-A41AE8F10F00}"
EndProject
Project("{2150E333-8FDC-42A3-9474-1A3956D46DE8}") = "Files", "Files", "{5A53546C-CF93-40C8-9023-D27153E8CA44}"
	ProjectSection(SolutionItems) = preProject
		.dockerignore = .dockerignore
		.gitattributes = .gitattributes
		.gitignore = .gitignore
		Icon.png = Icon.png
		nuget.config = nuget.config
		README.md = README.md
	EndProjectSection
EndProject
Global
	GlobalSection(SolutionConfigurationPlatforms) = preSolution
		Debug|Any CPU = Debug|Any CPU
		Release|Any CPU = Release|Any CPU
	EndGlobalSection
	GlobalSection(ProjectConfigurationPlatforms) = postSolution
		{52DD57BE-4345-46CA-903C-D7AC6F92C97D}.Debug|Any CPU.ActiveCfg = Debug|Any CPU
		{52DD57BE-4345-46CA-903C-D7AC6F92C97D}.Debug|Any CPU.Build.0 = Debug|Any CPU
		{52DD57BE-4345-46CA-903C-D7AC6F92C97D}.Release|Any CPU.ActiveCfg = Release|Any CPU
		{52DD57BE-4345-46CA-903C-D7AC6F92C97D}.Release|Any CPU.Build.0 = Release|Any CPU
		{66BE5D45-FAE3-4488-BB28-A41AE8F10F00}.Debug|Any CPU.ActiveCfg = Debug|Any CPU
		{66BE5D45-FAE3-4488-BB28-A41AE8F10F00}.Debug|Any CPU.Build.0 = Debug|Any CPU
		{66BE5D45-FAE3-4488-BB28-A41AE8F10F00}.Release|Any CPU.ActiveCfg = Release|Any CPU
		{66BE5D45-FAE3-4488-BB28-A41AE8F10F00}.Release|Any CPU.Build.0 = Release|Any CPU
	EndGlobalSection
	GlobalSection(SolutionProperties) = preSolution
		HideSolutionNode = FALSE
	EndGlobalSection
	GlobalSection(NestedProjects) = preSolution
		{66BE5D45-FAE3-4488-BB28-A41AE8F10F00} = {0B8A541B-02A0-4260-A6D6-10B956B302EA}
	EndGlobalSection
	GlobalSection(ExtensibilityGlobals) = postSolution
		SolutionGuid = {948F39B9-4703-445C-805E-B9A40D784A42}
	EndGlobalSection
EndGlobal
